
Microsoft Visual Studio Solution File, Format Version 12.00
# Visual Studio Version 17
VisualStudioVersion = 17.4.33213.308
MinimumVisualStudioVersion = 10.0.40219.1
Project("{9A19103F-16F7-4668-BE54-9A1E7A4F7556}") = "snake", "snake\snake.csproj", "{53B26F2D-CE76-4A22-94DD-B9A181A6A509}"
EndProject
Project("{2150E333-8FDC-42A3-9474-1A3956D46DE8}") = "Solution Items", "Solution Items", "{B5AE8418-4FEE-4E6A-AE1A-1934C8B25616}"
	ProjectSection(SolutionItems) = preProject
		highscore.txt = highscore.txt
	EndProjectSection
EndProject
Global
	GlobalSection(SolutionConfigurationPlatforms) = preSolution
		Debug|Any CPU = Debug|Any CPU
		Release|Any CPU = Release|Any CPU
	EndGlobalSection
	GlobalSection(ProjectConfigurationPlatforms) = postSolution
		{53B26F2D-CE76-4A22-94DD-B9A181A6A509}.Debug|Any CPU.ActiveCfg = Debug|Any CPU
		{53B26F2D-CE76-4A22-94DD-B9A181A6A509}.Debug|Any CPU.Build.0 = Debug|Any CPU
		{53B26F2D-CE76-4A22-94DD-B9A181A6A509}.Release|Any CPU.ActiveCfg = Release|Any CPU
		{53B26F2D-CE76-4A22-94DD-B9A181A6A509}.Release|Any CPU.Build.0 = Release|Any CPU
	EndGlobalSection
	GlobalSection(SolutionProperties) = preSolution
		HideSolutionNode = FALSE
	EndGlobalSection
	GlobalSection(ExtensibilityGlobals) = postSolution
		SolutionGuid = {1BE8C03A-F3ED-4564-B965-ACC249B8EF28}
	EndGlobalSection
EndGlobal
